
Microsoft Visual Studio Solution File, Format Version 12.00
# Visual Studio Version 16
VisualStudioVersion = 16.0.810.6
MinimumVisualStudioVersion = 10.0.40219.1
Project("{FAE04EC0-301F-11D3-BF4B-00C04F79EFBC}") = "AFTHLab3", "AFTHLab3\AFTHLab3.csproj", "{41BE6FC2-1F2F-47F1-BDFF-86D8C3646780}"
EndProject
Global
	GlobalSection(SolutionConfigurationPlatforms) = preSolution
		Debug|Any CPU = Debug|Any CPU
		Release|Any CPU = Release|Any CPU
	EndGlobalSection
	GlobalSection(ProjectConfigurationPlatforms) = postSolution
		{41BE6FC2-1F2F-47F1-BDFF-86D8C3646780}.Debug|Any CPU.ActiveCfg = Debug|Any CPU
		{41BE6FC2-1F2F-47F1-BDFF-86D8C3646780}.Debug|Any CPU.Build.0 = Debug|Any CPU
		{41BE6FC2-1F2F-47F1-BDFF-86D8C3646780}.Release|Any CPU.ActiveCfg = Release|Any CPU
		{41BE6FC2-1F2F-47F1-BDFF-86D8C3646780}.Release|Any CPU.Build.0 = Release|Any CPU
	EndGlobalSection
	GlobalSection(SolutionProperties) = preSolution
		HideSolutionNode = FALSE
	EndGlobalSection
	GlobalSection(ExtensibilityGlobals) = postSolution
		SolutionGuid = {E2766030-ECB4-454F-B1DD-6CC2602300EC}
	EndGlobalSection
EndGlobal
